PODS:
  - Flutter (1.0.0)
  - flutter_cast_video (0.0.1):
    - Flutter
    - google-cast-sdk-no-bluetooth
  - google-cast-sdk-no-bluetooth (4.6.1):
    - google-cast-sdk-no-bluetooth/Core (= 4.6.1)
    - Protobuf (~> 3.13)
  - google-cast-sdk-no-bluetooth/Core (4.6.1):
    - Protobuf (~> 3.13)
  - Protobuf (3.21.12)
  - shared_preferences_ios (0.0.1):
    - Flutter

DEPENDENCIES:
  - Flutter (from `Flutter`)
  - flutter_cast_video (from `.symlinks/plugins/flutter_cast_video/ios`)
  - shared_preferences_ios (from `.symlinks/plugins/shared_preferences_ios/ios`)

SPEC REPOS:
  trunk:
    - google-cast-sdk-no-bluetooth
    - Protobuf

EXTERNAL SOURCES:
  Flutter:
    :path: Flutter
  flutter_cast_video:
    :path: ".symlinks/plugins/flutter_cast_video/ios"
  shared_preferences_ios:
    :path: ".symlinks/plugins/shared_preferences_ios/ios"

SPEC CHECKSUMS:
  Flutter: f04841e97a9d0b0a8025694d0796dd46242b2854
  flutter_cast_video: f9643cc5e5a77e72cb4445c0c750f8776fbf7395
  google-cast-sdk-no-bluetooth: b3037c14fdf07a794326502e799beb0875ab2029
  Protobuf: 120350fc38646e2dedc26f49ecba778184ea1de2
  shared_preferences_ios: 548a61f8053b9b8a49ac19c1ffbc8b92c50d68ad

PODFILE CHECKSUM: ef19549a9bc3046e7bb7d2fab4d021637c0c58a3

COCOAPODS: 1.11.3
